// !$*UTF8*$!
{
	archiveVersion = 1;
	classes = {
	};
	objectVersion = 48;
	objects = {

/* Begin PBXBuildFile section */
		CA2EE15A2003588900FC007E /* YLogging.framework in Frameworks */ = {isa = PBXBuildFile; fileRef = CA2EE1502003588900FC007E /* YLogging.framework */; };
		CA2EE15F2003588900FC007E /* YLoggingTests.swift in Sources */ = {isa = PBXBuildFile; fileRef = CA2EE15E2003588900FC007E /* YLoggingTests.swift */; };
		CA2EE1612003588900FC007E /* YLogging.h in Headers */ = {isa = PBXBuildFile; fileRef = CA2EE1532003588900FC007E /* YLogging.h */; settings = {ATTRIBUTES = (Public, ); }; };
		CA2EE16B200358D300FC007E /* Logging.swift in Sources */ = {isa = PBXBuildFile; fileRef = CA2EE16A200358D300FC007E /* Logging.swift */; };
/* End PBXBuildFile section */

/* Begin PBXContainerItemProxy section */
		CA2EE15B2003588900FC007E /* PBXContainerItemProxy */ = {
			isa = PBXContainerItemProxy;
			containerPortal = CA2EE1472003588900FC007E /* Project object */;
			proxyType = 1;
			remoteGlobalIDString = CA2EE14F2003588900FC007E;
			remoteInfo = YLogging;
		};
/* End PBXContainerItemProxy section */

/* Begin PBXFileReference section */
		CA2EE1502003588900FC007E /* YLogging.framework */ = {isa = PBXFileReference; explicitFileType = wrapper.framework; includeInIndex = 0; path = YLogging.framework; sourceTree = BUILT_PRODUCTS_DIR; };
		CA2EE1532003588900FC007E /* YLogging.h */ = {isa = PBXFileReference; lastKnownFileType = sourcecode.c.h; path = YLogging.h; sourceTree = "<group>"; };
		CA2EE1542003588900FC007E /* Info.plist */ = {isa = PBXFileReference; lastKnownFileType = text.plist.xml; path = Info.plist; sourceTree = "<group>"; };
		CA2EE1592003588900FC007E /* YLoggingTests.xctest */ = {isa = PBXFileReference; explicitFileType = wrapper.cfbundle; includeInIndex = 0; path = YLoggingTests.xctest; sourceTree = BUILT_PRODUCTS_DIR; };
		CA2EE15E2003588900FC007E /* YLoggingTests.swift */ = {isa = PBXFileReference; lastKnownFileType = sourcecode.swift; path = YLoggingTests.swift; sourceTree = "<group>"; };
		CA2EE1602003588900FC007E /* Info.plist */ = {isa = PBXFileReference; lastKnownFileType = text.plist.xml; path = Info.plist; sourceTree = "<group>"; };
		CA2EE16A200358D300FC007E /* Logging.swift */ = {isa = PBXFileReference; lastKnownFileType = sourcecode.swift; path = Logging.swift; sourceTree = "<group>"; };
/* End PBXFileReference section */

/* Begin PBXFrameworksBuildPhase section */
		CA2EE14C2003588900FC007E /* Frameworks */ = {
			isa = PBXFrameworksBuildPhase;
			buildActionMask = 2147483647;
			files = (
			);
			runOnlyForDeploymentPostprocessing = 0;
		};
		CA2EE1562003588900FC007E /* Frameworks */ = {
			isa = PBXFrameworksBuildPhase;
			buildActionMask = 2147483647;
			files = (
				CA2EE15A2003588900FC007E /* YLogging.framework in Frameworks */,
			);
			runOnlyForDeploymentPostprocessing = 0;
		};
/* End PBXFrameworksBuildPhase section */

/* Begin PBXGroup section */
		CA2EE1462003588900FC007E = {
			isa = PBXGroup;
			children = (
				CA2EE1522003588900FC007E /* YLogging */,
				CA2EE15D2003588900FC007E /* YLoggingTests */,
				CA2EE1512003588900FC007E /* Products */,
			);
			sourceTree = "<group>";
		};
		CA2EE1512003588900FC007E /* Products */ = {
			isa = PBXGroup;
			children = (
				CA2EE1502003588900FC007E /* YLogging.framework */,
				CA2EE1592003588900FC007E /* YLoggingTests.xctest */,
			);
			name = Products;
			sourceTree = "<group>";
		};
		CA2EE1522003588900FC007E /* YLogging */ = {
			isa = PBXGroup;
			children = (
				CA2EE1532003588900FC007E /* YLogging.h */,
				CA2EE1542003588900FC007E /* Info.plist */,
				CA2EE16A200358D300FC007E /* Logging.swift */,
			);
			path = YLogging;
			sourceTree = "<group>";
		};
		CA2EE15D2003588900FC007E /* YLoggingTests */ = {
			isa = PBXGroup;
			children = (
				CA2EE15E2003588900FC007E /* YLoggingTests.swift */,
				CA2EE1602003588900FC007E /* Info.plist */,
			);
			path = YLoggingTests;
			sourceTree = "<group>";
		};
/* End PBXGroup section */

/* Begin PBXHeadersBuildPhase section */
		CA2EE14D2003588900FC007E /* Headers */ = {
			isa = PBXHeadersBuildPhase;
			buildActionMask = 2147483647;
			files = (
				CA2EE1612003588900FC007E /* YLogging.h in Headers */,
			);
			runOnlyForDeploymentPostprocessing = 0;
		};
/* End PBXHeadersBuildPhase section */

/* Begin PBXNativeTarget section */
		CA2EE14F2003588900FC007E /* YLogging */ = {
			isa = PBXNativeTarget;
			buildConfigurationList = CA2EE1642003588900FC007E /* Build configuration list for PBXNativeTarget "YLogging" */;
			buildPhases = (
				CA2EE14B2003588900FC007E /* Sources */,
				CA2EE14C2003588900FC007E /* Frameworks */,
				CA2EE14D2003588900FC007E /* Headers */,
				CA2EE14E2003588900FC007E /* Resources */,
			);
			buildRules = (
			);
			dependencies = (
			);
			name = YLogging;
			productName = YLogging;
			productReference = CA2EE1502003588900FC007E /* YLogging.framework */;
			productType = "com.apple.product-type.framework";
		};
		CA2EE1582003588900FC007E /* YLoggingTests */ = {
			isa = PBXNativeTarget;
			buildConfigurationList = CA2EE1672003588900FC007E /* Build configuration list for PBXNativeTarget "YLoggingTests" */;
			buildPhases = (
				CA2EE1552003588900FC007E /* Sources */,
				CA2EE1562003588900FC007E /* Frameworks */,
				CA2EE1572003588900FC007E /* Resources */,
			);
			buildRules = (
			);
			dependencies = (
				CA2EE15C2003588900FC007E /* PBXTargetDependency */,
			);
			name = YLoggingTests;
			productName = YLoggingTests;
			productReference = CA2EE1592003588900FC007E /* YLoggingTests.xctest */;
			productType = "com.apple.product-type.bundle.unit-test";
		};
/* End PBXNativeTarget section */

/* Begin PBXProject section */
		CA2EE1472003588900FC007E /* Project object */ = {
			isa = PBXProject;
			attributes = {
				LastSwiftUpdateCheck = 0920;
				LastUpgradeCheck = 0920;
				ORGANIZATIONNAME = idevxus;
				TargetAttributes = {
					CA2EE14F2003588900FC007E = {
						CreatedOnToolsVersion = 9.2;
						LastSwiftMigration = 0920;
						ProvisioningStyle = Automatic;
					};
					CA2EE1582003588900FC007E = {
						CreatedOnToolsVersion = 9.2;
						ProvisioningStyle = Automatic;
					};
				};
			};
			buildConfigurationList = CA2EE14A2003588900FC007E /* Build configuration list for PBXProject "YLogging" */;
			compatibilityVersion = "Xcode 8.0";
			developmentRegion = en;
			hasScannedForEncodings = 0;
			knownRegions = (
				en,
			);
			mainGroup = CA2EE1462003588900FC007E;
			productRefGroup = CA2EE1512003588900FC007E /* Products */;
			projectDirPath = "";
			projectRoot = "";
			targets = (
				CA2EE14F2003588900FC007E /* YLogging */,
				CA2EE1582003588900FC007E /* YLoggingTests */,
			);
		};
/* End PBXProject section */

/* Begin PBXResourcesBuildPhase section */
		CA2EE14E2003588900FC007E /* Resources */ = {
			isa = PBXResourcesBuildPhase;
			buildActionMask = 2147483647;
			files = (
			);
			runOnlyForDeploymentPostprocessing = 0;
		};
		CA2EE1572003588900FC007E /* Resources */ = {
			isa = PBXResourcesBuildPhase;
			buildActionMask = 2147483647;
			files = (
			);
			runOnlyForDeploymentPostprocessing = 0;
		};
/* End PBXResourcesBuildPhase section */

/* Begin PBXSourcesBuildPhase section */
		CA2EE14B2003588900FC007E /* Sources */ = {
			isa = PBXSourcesBuildPhase;
			buildActionMask = 2147483647;
			files = (
				CA2EE16B200358D300FC007E /* Logging.swift in Sources */,
			);
			runOnlyForDeploymentPostprocessing = 0;
		};
		CA2EE1552003588900FC007E /* Sources */ = {
			isa = PBXSourcesBuildPhase;
			buildActionMask = 2147483647;
			files = (
				CA2EE15F2003588900FC007E /* YLoggingTests.swift in Sources */,
			);
			runOnlyForDeploymentPostprocessing = 0;
		};
/* End PBXSourcesBuildPhase section */

/* Begin PBXTargetDependency section */
		CA2EE15C2003588900FC007E /* PBXTargetDependency */ = {
			isa = PBXTargetDependency;
			target = CA2EE14F2003588900FC007E /* YLogging */;
			targetProxy = CA2EE15B2003588900FC007E /* PBXContainerItemProxy */;
		};
/* End PBXTargetDependency section */

/* Begin XCBuildConfiguration section */
		CA2EE1622003588900FC007E /* Debug */ = {
			isa = XCBuildConfiguration;
			buildSettings = {
				ALWAYS_SEARCH_USER_PATHS = NO;
				CLANG_ANALYZER_NONNULL = YES;
				CLANG_ANALYZER_NUMBER_OBJECT_CONVERSION = YES_AGGRESSIVE;
				CLANG_CXX_LANGUAGE_STANDARD = "gnu++14";
				CLANG_CXX_LIBRARY = "libc++";
				CLANG_ENABLE_MODULES = YES;
				CLANG_ENABLE_OBJC_ARC = YES;
				CLANG_WARN_BLOCK_CAPTURE_AUTORELEASING = YES;
				CLANG_WARN_BOOL_CONVERSION = YES;
				CLANG_WARN_COMMA = YES;
				CLANG_WARN_CONSTANT_CONVERSION = YES;
				CLANG_WARN_DIRECT_OBJC_ISA_USAGE = YES_ERROR;
				CLANG_WARN_DOCUMENTATION_COMMENTS = YES;
				CLANG_WARN_EMPTY_BODY = YES;
				CLANG_WARN_ENUM_CONVERSION = YES;
				CLANG_WARN_INFINITE_RECURSION = YES;
				CLANG_WARN_INT_CONVERSION = YES;
				CLANG_WARN_NON_LITERAL_NULL_CONVERSION = YES;
				CLANG_WARN_OBJC_LITERAL_CONVERSION = YES;
				CLANG_WARN_OBJC_ROOT_CLASS = YES_ERROR;
				CLANG_WARN_RANGE_LOOP_ANALYSIS = YES;
				CLANG_WARN_STRICT_PROTOTYPES = YES;
				CLANG_WARN_SUSPICIOUS_MOVE = YES;
				CLANG_WARN_UNGUARDED_AVAILABILITY = YES_AGGRESSIVE;
				CLANG_WARN_UNREACHABLE_CODE = YES;
				CLANG_WARN__DUPLICATE_METHOD_MATCH = YES;
				CODE_SIGN_IDENTITY = "iPhone Developer";
				COPY_PHASE_STRIP = NO;
				CURRENT_PROJECT_VERSION = 1;
				DEBUG_INFORMATION_FORMAT = dwarf;
				ENABLE_STRICT_OBJC_MSGSEND = YES;
				ENABLE_TESTABILITY = YES;
				GCC_C_LANGUAGE_STANDARD = gnu11;
				GCC_DYNAMIC_NO_PIC = NO;
				GCC_NO_COMMON_BLOCKS = YES;
				GCC_OPTIMIZATION_LEVEL = 0;
				GCC_PREPROCESSOR_DEFINITIONS = (
					"DEBUG=1",
					"$(inherited)",
				);
				GCC_WARN_64_TO_32_BIT_CONVERSION = YES;
				GCC_WARN_ABOUT_RETURN_TYPE = YES_ERROR;
				GCC_WARN_UNDECLARED_SELECTOR = YES;
				GCC_WARN_UNINITIALIZED_AUTOS = YES_AGGRESSIVE;
				GCC_WARN_UNUSED_FUNCTION = YES;
				GCC_WARN_UNUSED_VARIABLE = YES;
				IPHONEOS_DEPLOYMENT_TARGET = 11.2;
				MTL_ENABLE_DEBUG_INFO = YES;
				ONLY_ACTIVE_ARCH = YES;
				SDKROOT = iphoneos;
				SWIFT_ACTIVE_COMPILATION_CONDITIONS = DEBUG;
				SWIFT_OPTIMIZATION_LEVEL = "-Onone";
				VERSIONING_SYSTEM = "apple-generic";
				VERSION_INFO_PREFIX = "";
			};
			name = Debug;
		};
		CA2EE1632003588900FC007E /* Release */ = {
			isa = XCBuildConfiguration;
			buildSettings = {
				ALWAYS_SEARCH_USER_PATHS = NO;
				CLANG_ANALYZER_NONNULL = YES;
				CLANG_ANALYZER_NUMBER_OBJECT_CONVERSION = YES_AGGRESSIVE;
				CLANG_CXX_LANGUAGE_STANDARD = "gnu++14";
				CLANG_CXX_LIBRARY = "libc++";
				CLANG_ENABLE_MODULES = YES;
				CLANG_ENABLE_OBJC_ARC = YES;
				CLANG_WARN_BLOCK_CAPTURE_AUTORELEASING = YES;
				CLANG_WARN_BOOL_CONVERSION = YES;
				CLANG_WARN_COMMA = YES;
				CLANG_WARN_CONSTANT_CONVERSION = YES;
				CLANG_WARN_DIRECT_OBJC_ISA_USAGE = YES_ERROR;
				CLANG_WARN_DOCUMENTATION_COMMENTS = YES;
				CLANG_WARN_EMPTY_BODY = YES;
				CLANG_WARN_ENUM_CONVERSION = YES;
				CLANG_WARN_INFINITE_RECURSION = YES;
				CLANG_WARN_INT_CONVERSION = YES;
				CLANG_WARN_NON_LITERAL_NULL_CONVERSION = YES;
				CLANG_WARN_OBJC_LITERAL_CONVERSION = YES;
				CLANG_WARN_OBJC_ROOT_CLASS = YES_ERROR;
				CLANG_WARN_RANGE_LOOP_ANALYSIS = YES;
				CLANG_WARN_STRICT_PROTOTYPES = YES;
				CLANG_WARN_SUSPICIOUS_MOVE = YES;
				CLANG_WARN_UNGUARDED_AVAILABILITY = YES_AGGRESSIVE;
				CLANG_WARN_UNREACHABLE_CODE = YES;
				CLANG_WARN__DUPLICATE_METHOD_MATCH = YES;
				CODE_SIGN_IDENTITY = "iPhone Developer";
				COPY_PHASE_STRIP = NO;
				CURRENT_PROJECT_VERSION = 1;
				DEBUG_INFORMATION_FORMAT = "dwarf-with-dsym";
				ENABLE_NS_ASSERTIONS = NO;
				ENABLE_STRICT_OBJC_MSGSEND = YES;
				GCC_C_LANGUAGE_STANDARD = gnu11;
				GCC_NO_COMMON_BLOCKS = YES;
				GCC_WARN_64_TO_32_BIT_CONVERSION = YES;
				GCC_WARN_ABOUT_RETURN_TYPE = YES_ERROR;
				GCC_WARN_UNDECLARED_SELECTOR = YES;
				GCC_WARN_UNINITIALIZED_AUTOS = YES_AGGRESSIVE;
				GCC_WARN_UNUSED_FUNCTION = YES;
				GCC_WARN_UNUSED_VARIABLE = YES;
				IPHONEOS_DEPLOYMENT_TARGET = 11.2;
				MTL_ENABLE_DEBUG_INFO = NO;
				SDKROOT = iphoneos;
				SWIFT_OPTIMIZATION_LEVEL = "-Owholemodule";
				VALIDATE_PRODUCT = YES;
				VERSIONING_SYSTEM = "apple-generic";
				VERSION_INFO_PREFIX = "";
			};
			name = Release;
		};
		CA2EE1652003588900FC007E /* Debug */ = {
			isa = XCBuildConfiguration;
			buildSettings = {
				CLANG_ENABLE_MODULES = YES;
				CODE_SIGN_IDENTITY = "";
				CODE_SIGN_STYLE = Automatic;
				DEFINES_MODULE = YES;
				DEVELOPMENT_TEAM = 39J67GJLZE;
				DYLIB_COMPATIBILITY_VERSION = 1;
				DYLIB_CURRENT_VERSION = 1;
				DYLIB_INSTALL_NAME_BASE = "@rpath";
				INFOPLIST_FILE = YLogging/Info.plist;
				INSTALL_PATH = "$(LOCAL_LIBRARY_DIR)/Frameworks";
				LD_RUNPATH_SEARCH_PATHS = "$(inherited) @executable_path/Frameworks @loader_path/Frameworks";
				PRODUCT_BUNDLE_IDENTIFIER = com.idevxus.YLogging;
				PRODUCT_NAME = "$(TARGET_NAME:c99extidentifier)";
				SKIP_INSTALL = YES;
				SWIFT_OPTIMIZATION_LEVEL = "-Onone";
				SWIFT_VERSION = 4.0;
				TARGETED_DEVICE_FAMILY = "1,2";
			};
			name = Debug;
		};
		CA2EE1662003588900FC007E /* Release */ = {
			isa = XCBuildConfiguration;
			buildSettings = {
				CLANG_ENABLE_MODULES = YES;
				CODE_SIGN_IDENTITY = "";
				CODE_SIGN_STYLE = Automatic;
				DEFINES_MODULE = YES;
				DEVELOPMENT_TEAM = 39J67GJLZE;
				DYLIB_COMPATIBILITY_VERSION = 1;
				DYLIB_CURRENT_VERSION = 1;
				DYLIB_INSTALL_NAME_BASE = "@rpath";
				INFOPLIST_FILE = YLogging/Info.plist;
				INSTALL_PATH = "$(LOCAL_LIBRARY_DIR)/Frameworks";
				LD_RUNPATH_SEARCH_PATHS = "$(inherited) @executable_path/Frameworks @loader_path/Frameworks";
				PRODUCT_BUNDLE_IDENTIFIER = com.idevxus.YLogging;
				PRODUCT_NAME = "$(TARGET_NAME:c99extidentifier)";
				SKIP_INSTALL = YES;
				SWIFT_VERSION = 4.0;
				TARGETED_DEVICE_FAMILY = "1,2";
			};
			name = Release;
		};
		CA2EE1682003588900FC007E /* Debug */ = {
			isa = XCBuildConfiguration;
			buildSettings = {
				ALWAYS_EMBED_SWIFT_STANDARD_LIBRARIES = YES;
				CODE_SIGN_STYLE = Automatic;
				DEVELOPMENT_TEAM = 39J67GJLZE;
				INFOPLIST_FILE = YLoggingTests/Info.plist;
				LD_RUNPATH_SEARCH_PATHS = "$(inherited) @executable_path/Frameworks @loader_path/Frameworks";
				PRODUCT_BUNDLE_IDENTIFIER = com.idevxus.YLoggingTests;
				PRODUCT_NAME = "$(TARGET_NAME)";
				SWIFT_VERSION = 4.0;
				TARGETED_DEVICE_FAMILY = "1,2";
			};
			name = Debug;
		};
		CA2EE1692003588900FC007E /* Release */ = {
			isa = XCBuildConfiguration;
			buildSettings = {
				ALWAYS_EMBED_SWIFT_STANDARD_LIBRARIES = YES;
				CODE_SIGN_STYLE = Automatic;
				DEVELOPMENT_TEAM = 39J67GJLZE;
				INFOPLIST_FILE = YLoggingTests/Info.plist;
				LD_RUNPATH_SEARCH_PATHS = "$(inherited) @executable_path/Frameworks @loader_path/Frameworks";
				PRODUCT_BUNDLE_IDENTIFIER = com.idevxus.YLoggingTests;
				PRODUCT_NAME = "$(TARGET_NAME)";
				SWIFT_VERSION = 4.0;
				TARGETED_DEVICE_FAMILY = "1,2";
			};
			name = Release;
		};
/* End XCBuildConfiguration section */

/* Begin XCConfigurationList section */
		CA2EE14A2003588900FC007E /* Build configuration list for PBXProject "YLogging" */ = {
			isa = XCConfigurationList;
			buildConfigurations = (
				CA2EE1622003588900FC007E /* Debug */,
				CA2EE1632003588900FC007E /* Release */,
			);
			defaultConfigurationIsVisible = 0;
			defaultConfigurationName = Release;
		};
		CA2EE1642003588900FC007E /* Build configuration list for PBXNativeTarget "YLogging" */ = {
			isa = XCConfigurationList;
			buildConfigurations = (
				CA2EE1652003588900FC007E /* Debug */,
				CA2EE1662003588900FC007E /* Release */,
			);
			defaultConfigurationIsVisible = 0;
			defaultConfigurationName = Release;
		};
		CA2EE1672003588900FC007E /* Build configuration list for PBXNativeTarget "YLoggingTests" */ = {
			isa = XCConfigurationList;
			buildConfigurations = (
				CA2EE1682003588900FC007E /* Debug */,
				CA2EE1692003588900FC007E /* Release */,
			);
			defaultConfigurationIsVisible = 0;
			defaultConfigurationName = Release;
		};
/* End XCConfigurationList section */
	};
	rootObject = CA2EE1472003588900FC007E /* Project object */;
}
